{
  "version": 4,
  "terraform_version": "1.13.4",
  "serial": 6,
  "lineage": "0ffc17da-e12e-89ac-0776-28e0faaabf62",
  "outputs": {},
  "resources": [
    {
      "mode": "managed",
      "type": "aws_key_pair",
      "name": "devops_key",
      "provider": "provider[\"registry.terraform.io/hashicorp/aws\"]",
      "instances": [
        {
          "schema_version": 1,
          "attributes": {
            "arn": "arn:aws:ec2:us-east-1:122610496257:key-pair/devops-key",
            "fingerprint": "3c:9a:74:67:e5:17:6a:c6:f9:a3:74:ab:09:63:34:d9",
            "id": "devops-key",
            "key_name": "devops-key",
            "key_name_prefix": "",
            "key_pair_id": "key-05c3d453be7351f23",
            "key_type": "rsa",
            "public_key": "ssh-rsa AAAAB3NzaC1yc2EAAAADAQABAAACAQDRTFw89iNvboGBoerUKSoV26RhF/IaoLMujJxZUuY4JX7V3819DtWCJGowgKNCCXynL9+Y5olGEEvoY6AZ98DVFMOxZTtDX8LjYftgblfE417+36vnqDx8Rxz9GyKqJVEFjRZ8UWj5m2d6+3WVk8m1lWlCcF107igxYv0I0Jq2efOi/XVNcHoX75fb3LrXQ7MIlSY5Fpfn963jpaddYCLPoKVgipjY8Fik8nF1qnmmJ6ibVYg6gtW7pn9eP/AvBU9vPi7cqj0ONsO0IgR/Ss0wszEzsV242Iy2rsRQZVDGW+dE5EyHMWOW2AkZ89MCMLf8YkqI3a6cZ0gzCsaoH6xXBWgJ9UrWeR3Cue2ZGEQfU689Ur7DRpua/7WFSpZFP3Em1JUqZETE0QFPsMVO31BjpBU7Ml64r38x/cfKSmeBdPSUhXRaa/JZBCWDlXTdCaoxyeE8NJ0qEpa68GHw0Xj5Fm4gfIrgCGRuB75BgtSNzPxUWxxNCORTPMdVJPHnGITX77erMwLuCvGZpbrGIknsZaeOiV1OL9ARvfP6FD0HPqJo5PY0Av1rRGOpl7B2yqtLboTeCGfs6wPNlPGuE3A4mwWPbqEJpGannhau6KbaCNjejq8dm6abHjH1tij6ywHWG5pRy7RlXivRv6N4ntWkYc+Qe3O1n6vhQQMAhwvQFw== apple@liteesh",
            "region": "us-east-1",
            "tags": {},
            "tags_all": {}
          },
          "sensitive_attributes": [],
          "identity_schema_version": 0,
          "private": "eyJzY2hlbWFfdmVyc2lvbiI6IjEifQ=="
        }
      ]
    },
    {
      "mode": "managed",
      "type": "aws_security_group",
      "name": "nginx_sg",
      "provider": "provider[\"registry.terraform.io/hashicorp/aws\"]",
      "instances": [
        {
          "schema_version": 1,
          "attributes": {
            "arn": "arn:aws:ec2:us-east-1:122610496257:security-group/sg-01846ebd8e75a043c",
            "description": "Allow SSH and HTTP",
            "egress": [
              {
                "cidr_blocks": [
                  "0.0.0.0/0"
                ],
                "description": "All outbound",
                "from_port": 0,
                "ipv6_cidr_blocks": [],
                "prefix_list_ids": [],
                "protocol": "-1",
                "security_groups": [],
                "self": false,
                "to_port": 0
              }
            ],
            "id": "sg-01846ebd8e75a043c",
            "ingress": [
              {
                "cidr_blocks": [
                  "0.0.0.0/0"
                ],
                "description": "HTTP",
                "from_port": 80,
                "ipv6_cidr_blocks": [],
                "prefix_list_ids": [],
                "protocol": "tcp",
                "security_groups": [],
                "self": false,
                "to_port": 80
              },
              {
                "cidr_blocks": [
                  "0.0.0.0/0"
                ],
                "description": "SSH",
                "from_port": 22,
                "ipv6_cidr_blocks": [],
                "prefix_list_ids": [],
                "protocol": "tcp",
                "security_groups": [],
                "self": false,
                "to_port": 22
              }
            ],
            "name": "nginx-sg",
            "name_prefix": "",
            "owner_id": "122610496257",
            "region": "us-east-1",
            "revoke_rules_on_delete": false,
            "tags": null,
            "tags_all": {},
            "timeouts": null,
            "vpc_id": "vpc-097fdfeb60c396c66"
          },
          "sensitive_attributes": [],
          "identity_schema_version": 0,
          "identity": {
            "account_id": "122610496257",
            "id": "sg-01846ebd8e75a043c",
            "region": "us-east-1"
          },
          "private": "eyJlMmJmYjczMC1lY2FhLTExZTYtOGY4OC0zNDM2M2JjN2M0YzAiOnsiY3JlYXRlIjo2MDAwMDAwMDAwMDAsImRlbGV0ZSI6OTAwMDAwMDAwMDAwfSwic2NoZW1hX3ZlcnNpb24iOiIxIn0="
        }
      ]
    }
  ],
  "check_results": null
}
